# This file is automatically @generated by Cargo.
# It is not intended for manual editing.
version = 3

[[package]]
name = "dereferencing_and_the_dot_operator"
version = "0.1.0"

[[package]]
name = "from_into"
version = "0.1.0"

[[package]]
name = "generics"
version = "0.1.0"

[[package]]
name = "hash_map_and_btree_map"
version = "0.1.0"

[[package]]
name = "hash_map_entry_method"
version = "0.1.0"

[[package]]
name = "hello_world"
version = "0.1.0"

[[package]]
name = "if_let_and_while_let"
version = "0.1.0"

[[package]]
name = "more_destructuring"
version = "0.1.0"

[[package]]
name = "more_generics"
version = "0.1.0"

[[package]]
name = "more_hash_map"
version = "0.1.0"

[[package]]
name = "more_option"
version = "0.1.0"

[[package]]
name = "more_result"
version = "0.1.0"

[[package]]
name = "number_arithmetic_operation"
version = "0.1.0"

[[package]]
name = "option"
version = "0.1.0"

[[package]]
name = "result"
version = "0.1.0"

[[package]]
name = "rust_learn"
version = "0.1.0"

[[package]]
name = "trait_rs"
version = "0.1.0"

[[package]]
name = "variable_and_function"
version = "0.1.0"

[[package]]
name = "vec"
version = "0.1.0"
